
Microsoft Visual Studio Solution File, Format Version 12.00
# Visual Studio 15
VisualStudioVersion = 15.0.27130.0
MinimumVisualStudioVersion = 10.0.40219.1
Project("{FAE04EC0-301F-11D3-BF4B-00C04F79EFBC}") = "Builder_DesignPattern", "Builder_DesignPattern\Builder_DesignPattern.csproj", "{FE306A40-A36B-461D-83C4-FCF903EDD715}"
EndProject
Project("{FAE04EC0-301F-11D3-BF4B-00C04F79EFBC}") = "Factory_DesignPattern", "Factory_DesignPattern\Factory_DesignPattern.csproj", "{77D42AF9-EBDB-4DCB-BC95-2DF7C42266F7}"
EndProject
Project("{FAE04EC0-301F-11D3-BF4B-00C04F79EFBC}") = "Adapter_DesignPattern", "Adapter_DesignPattern\Adapter_DesignPattern.csproj", "{5D0E57F8-B7ED-4837-BC0A-E6B7A358E813}"
EndProject
Project("{FAE04EC0-301F-11D3-BF4B-00C04F79EFBC}") = "Bridge_DesignPattern", "Bridge_DesignPattern\Bridge_DesignPattern.csproj", "{E63F7A93-7347-499B-A210-9CD3A6A9A544}"
EndProject
Project("{FAE04EC0-301F-11D3-BF4B-00C04F79EFBC}") = "Composite_DesignPattern", "Composite_DesignPattern\Composite_DesignPattern.csproj", "{B9546683-4EDF-414A-94D5-007DBB449B7B}"
EndProject
Project("{FAE04EC0-301F-11D3-BF4B-00C04F79EFBC}") = "Decorator_DesignPattern", "Decorator_DesignPattern\Decorator_DesignPattern.csproj", "{DCF65263-645A-4E2D-80EE-11B4B19AC176}"
EndProject
Project("{FAE04EC0-301F-11D3-BF4B-00C04F79EFBC}") = "Flyweight_DesignPattern", "Flyweight_DesignPattern\Flyweight_DesignPattern.csproj", "{E7C8AEA9-EBA2-4175-89E9-35F6BA8C2B75}"
EndProject
Global
	GlobalSection(SolutionConfigurationPlatforms) = preSolution
		Debug|Any CPU = Debug|Any CPU
		Release|Any CPU = Release|Any CPU
	EndGlobalSection
	GlobalSection(ProjectConfigurationPlatforms) = postSolution
		{FE306A40-A36B-461D-83C4-FCF903EDD715}.Debug|Any CPU.ActiveCfg = Debug|Any CPU
		{FE306A40-A36B-461D-83C4-FCF903EDD715}.Debug|Any CPU.Build.0 = Debug|Any CPU
		{FE306A40-A36B-461D-83C4-FCF903EDD715}.Release|Any CPU.ActiveCfg = Release|Any CPU
		{FE306A40-A36B-461D-83C4-FCF903EDD715}.Release|Any CPU.Build.0 = Release|Any CPU
		{77D42AF9-EBDB-4DCB-BC95-2DF7C42266F7}.Debug|Any CPU.ActiveCfg = Debug|Any CPU
		{77D42AF9-EBDB-4DCB-BC95-2DF7C42266F7}.Debug|Any CPU.Build.0 = Debug|Any CPU
		{77D42AF9-EBDB-4DCB-BC95-2DF7C42266F7}.Release|Any CPU.ActiveCfg = Release|Any CPU
		{77D42AF9-EBDB-4DCB-BC95-2DF7C42266F7}.Release|Any CPU.Build.0 = Release|Any CPU
		{5D0E57F8-B7ED-4837-BC0A-E6B7A358E813}.Debug|Any CPU.ActiveCfg = Debug|Any CPU
		{5D0E57F8-B7ED-4837-BC0A-E6B7A358E813}.Debug|Any CPU.Build.0 = Debug|Any CPU
		{5D0E57F8-B7ED-4837-BC0A-E6B7A358E813}.Release|Any CPU.ActiveCfg = Release|Any CPU
		{5D0E57F8-B7ED-4837-BC0A-E6B7A358E813}.Release|Any CPU.Build.0 = Release|Any CPU
		{E63F7A93-7347-499B-A210-9CD3A6A9A544}.Debug|Any CPU.ActiveCfg = Debug|Any CPU
		{E63F7A93-7347-499B-A210-9CD3A6A9A544}.Debug|Any CPU.Build.0 = Debug|Any CPU
		{E63F7A93-7347-499B-A210-9CD3A6A9A544}.Release|Any CPU.ActiveCfg = Release|Any CPU
		{E63F7A93-7347-499B-A210-9CD3A6A9A544}.Release|Any CPU.Build.0 = Release|Any CPU
		{B9546683-4EDF-414A-94D5-007DBB449B7B}.Debug|Any CPU.ActiveCfg = Debug|Any CPU
		{B9546683-4EDF-414A-94D5-007DBB449B7B}.Debug|Any CPU.Build.0 = Debug|Any CPU
		{B9546683-4EDF-414A-94D5-007DBB449B7B}.Release|Any CPU.ActiveCfg = Release|Any CPU
		{B9546683-4EDF-414A-94D5-007DBB449B7B}.Release|Any CPU.Build.0 = Release|Any CPU
		{DCF65263-645A-4E2D-80EE-11B4B19AC176}.Debug|Any CPU.ActiveCfg = Debug|Any CPU
		{DCF65263-645A-4E2D-80EE-11B4B19AC176}.Debug|Any CPU.Build.0 = Debug|Any CPU
		{DCF65263-645A-4E2D-80EE-11B4B19AC176}.Release|Any CPU.ActiveCfg = Release|Any CPU
		{DCF65263-645A-4E2D-80EE-11B4B19AC176}.Release|Any CPU.Build.0 = Release|Any CPU
		{E7C8AEA9-EBA2-4175-89E9-35F6BA8C2B75}.Debug|Any CPU.ActiveCfg = Debug|Any CPU
		{E7C8AEA9-EBA2-4175-89E9-35F6BA8C2B75}.Debug|Any CPU.Build.0 = Debug|Any CPU
		{E7C8AEA9-EBA2-4175-89E9-35F6BA8C2B75}.Release|Any CPU.ActiveCfg = Release|Any CPU
		{E7C8AEA9-EBA2-4175-89E9-35F6BA8C2B75}.Release|Any CPU.Build.0 = Release|Any CPU
	EndGlobalSection
	GlobalSection(SolutionProperties) = preSolution
		HideSolutionNode = FALSE
	EndGlobalSection
	GlobalSection(ExtensibilityGlobals) = postSolution
		SolutionGuid = {CCC47EA7-119F-4C5F-84CE-FD3B618F0C27}
	EndGlobalSection
EndGlobal
